// !$*UTF8*$!
{
	archiveVersion = 1;
	classes = {
	};
	objectVersion = 51;
	objects = {

/* Begin PBXBuildFile section */
		1454BAD7249AAF420091E837 /* AppDelegate.swift in Sources */ = {isa = PBXBuildFile; fileRef = 1454BAD6249AAF420091E837 /* AppDelegate.swift */; };
		1454BAD9249AAF420091E837 /* SceneDelegate.swift in Sources */ = {isa = PBXBuildFile; fileRef = 1454BAD8249AAF420091E837 /* SceneDelegate.swift */; };
		1454BADB249AAF420091E837 /* ContentView.swift in Sources */ = {isa = PBXBuildFile; fileRef = 1454BADA249AAF420091E837 /* ContentView.swift */; };
		1454BADD249AAF450091E837 /* Assets.xcassets in Resources */ = {isa = PBXBuildFile; fileRef = 1454BADC249AAF450091E837 /* Assets.xcassets */; };
		1454BAE0249AAF450091E837 /* Preview Assets.xcassets in Resources */ = {isa = PBXBuildFile; fileRef = 1454BADF249AAF450091E837 /* Preview Assets.xcassets */; };
		1454BAE3249AAF450091E837 /* LaunchScreen.storyboard in Resources */ = {isa = PBXBuildFile; fileRef = 1454BAE1249AAF450091E837 /* LaunchScreen.storyboard */; };
		85853DF626F37190009FB683 /* ResultGamification.swift in Sources */ = {isa = PBXBuildFile; fileRef = 85853DF526F37190009FB683 /* ResultGamification.swift */; };
		85C1776126C6737400BD2FCB /* ServiceGame.swift in Sources */ = {isa = PBXBuildFile; fileRef = 85C1776026C6737400BD2FCB /* ServiceGame.swift */; };
		85C1776726C68B6D00BD2FCB /* ResultData.swift in Sources */ = {isa = PBXBuildFile; fileRef = 85C1776626C68B6D00BD2FCB /* ResultData.swift */; };
		D533EC0F2E3BD6FD92989A67 /* Pods_SwiftUI_WebService.framework in Frameworks */ = {isa = PBXBuildFile; fileRef = 3EA067AD1EF55539AA11EA9F /* Pods_SwiftUI_WebService.framework */; };
/* End PBXBuildFile section */

/* Begin PBXFileReference section */
		0EB11F3872501525A1DCE535 /* Pods-SwiftUI-WebService.release.xcconfig */ = {isa = PBXFileReference; includeInIndex = 1; lastKnownFileType = text.xcconfig; name = "Pods-SwiftUI-WebService.release.xcconfig"; path = "Target Support Files/Pods-SwiftUI-WebService/Pods-SwiftUI-WebService.release.xcconfig"; sourceTree = "<group>"; };
		1454BAD3249AAF420091E837 /* SwiftUI-WebService.app */ = {isa = PBXFileReference; explicitFileType = wrapper.application; includeInIndex = 0; path = "SwiftUI-WebService.app"; sourceTree = BUILT_PRODUCTS_DIR; };
		1454BAD6249AAF420091E837 /* AppDelegate.swift */ = {isa = PBXFileReference; lastKnownFileType = sourcecode.swift; path = AppDelegate.swift; sourceTree = "<group>"; };
		1454BAD8249AAF420091E837 /* SceneDelegate.swift */ = {isa = PBXFileReference; lastKnownFileType = sourcecode.swift; path = SceneDelegate.swift; sourceTree = "<group>"; };
		1454BADA249AAF420091E837 /* ContentView.swift */ = {isa = PBXFileReference; lastKnownFileType = sourcecode.swift; path = ContentView.swift; sourceTree = "<group>"; };
		1454BADC249AAF450091E837 /* Assets.xcassets */ = {isa = PBXFileReference; lastKnownFileType = folder.assetcatalog; path = Assets.xcassets; sourceTree = "<group>"; };
		1454BADF249AAF450091E837 /* Preview Assets.xcassets */ = {isa = PBXFileReference; lastKnownFileType = folder.assetcatalog; path = "Preview Assets.xcassets"; sourceTree = "<group>"; };
		1454BAE2249AAF450091E837 /* Base */ = {isa = PBXFileReference; lastKnownFileType = file.storyboard; name = Base; path = Base.lproj/LaunchScreen.storyboard; sourceTree = "<group>"; };
		1454BAE4249AAF450091E837 /* Info.plist */ = {isa = PBXFileReference; lastKnownFileType = text.plist.xml; path = Info.plist; sourceTree = "<group>"; };
		2AB678C2694DC4512DFD9D4D /* Pods-SwiftUI-WebService.debug.xcconfig */ = {isa = PBXFileReference; includeInIndex = 1; lastKnownFileType = text.xcconfig; name = "Pods-SwiftUI-WebService.debug.xcconfig"; path = "Target Support Files/Pods-SwiftUI-WebService/Pods-SwiftUI-WebService.debug.xcconfig"; sourceTree = "<group>"; };
		3EA067AD1EF55539AA11EA9F /* Pods_SwiftUI_WebService.framework */ = {isa = PBXFileReference; explicitFileType = wrapper.framework; includeInIndex = 0; path = Pods_SwiftUI_WebService.framework; sourceTree = BUILT_PRODUCTS_DIR; };
		85853DF526F37190009FB683 /* ResultGamification.swift */ = {isa = PBXFileReference; fileEncoding = 4; lastKnownFileType = sourcecode.swift; path = ResultGamification.swift; sourceTree = "<group>"; };
		85C1776026C6737400BD2FCB /* ServiceGame.swift */ = {isa = PBXFileReference; lastKnownFileType = sourcecode.swift; path = ServiceGame.swift; sourceTree = "<group>"; };
		85C1776626C68B6D00BD2FCB /* ResultData.swift */ = {isa = PBXFileReference; lastKnownFileType = sourcecode.swift; path = ResultData.swift; sourceTree = "<group>"; };
/* End PBXFileReference section */

/* Begin PBXFrameworksBuildPhase section */
		1454BAD0249AAF420091E837 /* Frameworks */ = {
			isa = PBXFrameworksBuildPhase;
			buildActionMask = 2147483647;
			files = (
				D533EC0F2E3BD6FD92989A67 /* Pods_SwiftUI_WebService.framework in Frameworks */,
			);
			runOnlyForDeploymentPostprocessing = 0;
		};
/* End PBXFrameworksBuildPhase section */

/* Begin PBXGroup section */
		0FE4535179E202513066DA38 /* Frameworks */ = {
			isa = PBXGroup;
			children = (
				3EA067AD1EF55539AA11EA9F /* Pods_SwiftUI_WebService.framework */,
			);
			name = Frameworks;
			sourceTree = "<group>";
		};
		1454BACA249AAF420091E837 = {
			isa = PBXGroup;
			children = (
				1454BAD5249AAF420091E837 /* SwiftUI-WebService */,
				1454BAD4249AAF420091E837 /* Products */,
				696501B017F50BDBE57D5FE4 /* Pods */,
				0FE4535179E202513066DA38 /* Frameworks */,
			);
			sourceTree = "<group>";
		};
		1454BAD4249AAF420091E837 /* Products */ = {
			isa = PBXGroup;
			children = (
				1454BAD3249AAF420091E837 /* SwiftUI-WebService.app */,
			);
			name = Products;
			sourceTree = "<group>";
		};
		1454BAD5249AAF420091E837 /* SwiftUI-WebService */ = {
			isa = PBXGroup;
			children = (
				85C1775D26C6733800BD2FCB /* Service */,
				1454BAD6249AAF420091E837 /* AppDelegate.swift */,
				1454BAD8249AAF420091E837 /* SceneDelegate.swift */,
				1454BADA249AAF420091E837 /* ContentView.swift */,
				1454BADC249AAF450091E837 /* Assets.xcassets */,
				1454BAE1249AAF450091E837 /* LaunchScreen.storyboard */,
				1454BAE4249AAF450091E837 /* Info.plist */,
				1454BADE249AAF450091E837 /* Preview Content */,
			);
			path = "SwiftUI-WebService";
			sourceTree = "<group>";
		};
		1454BADE249AAF450091E837 /* Preview Content */ = {
			isa = PBXGroup;
			children = (
				1454BADF249AAF450091E837 /* Preview Assets.xcassets */,
			);
			path = "Preview Content";
			sourceTree = "<group>";
		};
		696501B017F50BDBE57D5FE4 /* Pods */ = {
			isa = PBXGroup;
			children = (
				2AB678C2694DC4512DFD9D4D /* Pods-SwiftUI-WebService.debug.xcconfig */,
				0EB11F3872501525A1DCE535 /* Pods-SwiftUI-WebService.release.xcconfig */,
			);
			path = Pods;
			sourceTree = "<group>";
		};
		85C1775D26C6733800BD2FCB /* Service */ = {
			isa = PBXGroup;
			children = (
				85C1775E26C6735600BD2FCB /* ResponseModel */,
			);
			name = Service;
			sourceTree = "<group>";
		};
		85C1775E26C6735600BD2FCB /* ResponseModel */ = {
			isa = PBXGroup;
			children = (
				85C1775F26C6735C00BD2FCB /* Game */,
				85C1776026C6737400BD2FCB /* ServiceGame.swift */,
			);
			name = ResponseModel;
			sourceTree = "<group>";
		};
		85C1775F26C6735C00BD2FCB /* Game */ = {
			isa = PBXGroup;
			children = (
				85853DF526F37190009FB683 /* ResultGamification.swift */,
				85C1776626C68B6D00BD2FCB /* ResultData.swift */,
			);
			name = Game;
			sourceTree = "<group>";
		};
/* End PBXGroup section */

/* Begin PBXNativeTarget section */
		1454BAD2249AAF420091E837 /* SwiftUI-WebService */ = {
			isa = PBXNativeTarget;
			buildConfigurationList = 1454BAE7249AAF450091E837 /* Build configuration list for PBXNativeTarget "SwiftUI-WebService" */;
			buildPhases = (
				F589815114CB4D29C4A18B88 /* [CP] Check Pods Manifest.lock */,
				1454BACF249AAF420091E837 /* Sources */,
				1454BAD0249AAF420091E837 /* Frameworks */,
				1454BAD1249AAF420091E837 /* Resources */,
				7A575F4E6C8C97F3557F02F6 /* [CP] Embed Pods Frameworks */,
			);
			buildRules = (
			);
			dependencies = (
			);
			name = "SwiftUI-WebService";
			productName = "SwiftUI-WebService";
			productReference = 1454BAD3249AAF420091E837 /* SwiftUI-WebService.app */;
			productType = "com.apple.product-type.application";
		};
/* End PBXNativeTarget section */

/* Begin PBXProject section */
		1454BACB249AAF420091E837 /* Project object */ = {
			isa = PBXProject;
			attributes = {
				LastSwiftUpdateCheck = 1140;
				LastUpgradeCheck = 1140;
				ORGANIZATIONNAME = ceren;
				TargetAttributes = {
					1454BAD2249AAF420091E837 = {
						CreatedOnToolsVersion = 11.4;
					};
				};
			};
			buildConfigurationList = 1454BACE249AAF420091E837 /* Build configuration list for PBXProject "SwiftUI-WebService" */;
			compatibilityVersion = "Xcode 9.3";
			developmentRegion = en;
			hasScannedForEncodings = 0;
			knownRegions = (
				en,
				Base,
			);
			mainGroup = 1454BACA249AAF420091E837;
			productRefGroup = 1454BAD4249AAF420091E837 /* Products */;
			projectDirPath = "";
			projectRoot = "";
			targets = (
				1454BAD2249AAF420091E837 /* SwiftUI-WebService */,
			);
		};
/* End PBXProject section */

/* Begin PBXResourcesBuildPhase section */
		1454BAD1249AAF420091E837 /* Resources */ = {
			isa = PBXResourcesBuildPhase;
			buildActionMask = 2147483647;
			files = (
				1454BAE3249AAF450091E837 /* LaunchScreen.storyboard in Resources */,
				1454BAE0249AAF450091E837 /* Preview Assets.xcassets in Resources */,
				1454BADD249AAF450091E837 /* Assets.xcassets in Resources */,
			);
			runOnlyForDeploymentPostprocessing = 0;
		};
/* End PBXResourcesBuildPhase section */

/* Begin PBXShellScriptBuildPhase section */
		7A575F4E6C8C97F3557F02F6 /* [CP] Embed Pods Frameworks */ = {
			isa = PBXShellScriptBuildPhase;
			buildActionMask = 2147483647;
			files = (
			);
			inputFileListPaths = (
				"${PODS_ROOT}/Target Support Files/Pods-SwiftUI-WebService/Pods-SwiftUI-WebService-frameworks-${CONFIGURATION}-input-files.xcfilelist",
			);
			name = "[CP] Embed Pods Frameworks";
			outputFileListPaths = (
				"${PODS_ROOT}/Target Support Files/Pods-SwiftUI-WebService/Pods-SwiftUI-WebService-frameworks-${CONFIGURATION}-output-files.xcfilelist",
			);
			runOnlyForDeploymentPostprocessing = 0;
			shellPath = /bin/sh;
			shellScript = "\"${PODS_ROOT}/Target Support Files/Pods-SwiftUI-WebService/Pods-SwiftUI-WebService-frameworks.sh\"\n";
			showEnvVarsInLog = 0;
		};
		F589815114CB4D29C4A18B88 /* [CP] Check Pods Manifest.lock */ = {
			isa = PBXShellScriptBuildPhase;
			buildActionMask = 2147483647;
			files = (
			);
			inputFileListPaths = (
			);
			inputPaths = (
				"${PODS_PODFILE_DIR_PATH}/Podfile.lock",
				"${PODS_ROOT}/Manifest.lock",
			);
			name = "[CP] Check Pods Manifest.lock";
			outputFileListPaths = (
			);
			outputPaths = (
				"$(DERIVED_FILE_DIR)/Pods-SwiftUI-WebService-checkManifestLockResult.txt",
			);
			runOnlyForDeploymentPostprocessing = 0;
			shellPath = /bin/sh;
			shellScript = "diff \"${PODS_PODFILE_DIR_PATH}/Podfile.lock\" \"${PODS_ROOT}/Manifest.lock\" > /dev/null\nif [ $? != 0 ] ; then\n    # print error to STDERR\n    echo \"error: The sandbox is not in sync with the Podfile.lock. Run 'pod install' or update your CocoaPods installation.\" >&2\n    exit 1\nfi\n# This output is used by Xcode 'outputs' to avoid re-running this script phase.\necho \"SUCCESS\" > \"${SCRIPT_OUTPUT_FILE_0}\"\n";
			showEnvVarsInLog = 0;
		};
/* End PBXShellScriptBuildPhase section */

/* Begin PBXSourcesBuildPhase section */
		1454BACF249AAF420091E837 /* Sources */ = {
			isa = PBXSourcesBuildPhase;
			buildActionMask = 2147483647;
			files = (
				1454BAD7249AAF420091E837 /* AppDelegate.swift in Sources */,
				1454BAD9249AAF420091E837 /* SceneDelegate.swift in Sources */,
				1454BADB249AAF420091E837 /* ContentView.swift in Sources */,
				85853DF626F37190009FB683 /* ResultGamification.swift in Sources */,
				85C1776726C68B6D00BD2FCB /* ResultData.swift in Sources */,
				85C1776126C6737400BD2FCB /* ServiceGame.swift in Sources */,
			);
			runOnlyForDeploymentPostprocessing = 0;
		};
/* End PBXSourcesBuildPhase section */

/* Begin PBXVariantGroup section */
		1454BAE1249AAF450091E837 /* LaunchScreen.storyboard */ = {
			isa = PBXVariantGroup;
			children = (
				1454BAE2249AAF450091E837 /* Base */,
			);
			name = LaunchScreen.storyboard;
			sourceTree = "<group>";
		};
/* End PBXVariantGroup section */

/* Begin XCBuildConfiguration section */
		1454BAE5249AAF450091E837 /* Debug */ = {
			isa = XCBuildConfiguration;
			buildSettings = {
				ALWAYS_SEARCH_USER_PATHS = NO;
				CLANG_ANALYZER_NONNULL = YES;
				CLANG_ANALYZER_NUMBER_OBJECT_CONVERSION = YES_AGGRESSIVE;
				CLANG_CXX_LANGUAGE_STANDARD = "gnu++14";
				CLANG_CXX_LIBRARY = "libc++";
				CLANG_ENABLE_MODULES = YES;
				CLANG_ENABLE_OBJC_ARC = YES;
				CLANG_ENABLE_OBJC_WEAK = YES;
				CLANG_WARN_BLOCK_CAPTURE_AUTORELEASING = YES;
				CLANG_WARN_BOOL_CONVERSION = YES;
				CLANG_WARN_COMMA = YES;
				CLANG_WARN_CONSTANT_CONVERSION = YES;
				CLANG_WARN_DEPRECATED_OBJC_IMPLEMENTATIONS = YES;
				CLANG_WARN_DIRECT_OBJC_ISA_USAGE = YES_ERROR;
				CLANG_WARN_DOCUMENTATION_COMMENTS = YES;
				CLANG_WARN_EMPTY_BODY = YES;
				CLANG_WARN_ENUM_CONVERSION = YES;
				CLANG_WARN_INFINITE_RECURSION = YES;
				CLANG_WARN_INT_CONVERSION = YES;
				CLANG_WARN_NON_LITERAL_NULL_CONVERSION = YES;
				CLANG_WARN_OBJC_IMPLICIT_RETAIN_SELF = YES;
				CLANG_WARN_OBJC_LITERAL_CONVERSION = YES;
				CLANG_WARN_OBJC_ROOT_CLASS = YES_ERROR;
				CLANG_WARN_RANGE_LOOP_ANALYSIS = YES;
				CLANG_WARN_STRICT_PROTOTYPES = YES;
				CLANG_WARN_SUSPICIOUS_MOVE = YES;
				CLANG_WARN_UNGUARDED_AVAILABILITY = YES_AGGRESSIVE;
				CLANG_WARN_UNREACHABLE_CODE = YES;
				CLANG_WARN__DUPLICATE_METHOD_MATCH = YES;
				COPY_PHASE_STRIP = NO;
				DEBUG_INFORMATION_FORMAT = dwarf;
				ENABLE_STRICT_OBJC_MSGSEND = YES;
				ENABLE_TESTABILITY = YES;
				GCC_C_LANGUAGE_STANDARD = gnu11;
				GCC_DYNAMIC_NO_PIC = NO;
				GCC_NO_COMMON_BLOCKS = YES;
				GCC_OPTIMIZATION_LEVEL = 0;
				GCC_PREPROCESSOR_DEFINITIONS = (
					"DEBUG=1",
					"$(inherited)",
				);
				GCC_WARN_64_TO_32_BIT_CONVERSION = YES;
				GCC_WARN_ABOUT_RETURN_TYPE = YES_ERROR;
				GCC_WARN_UNDECLARED_SELECTOR = YES;
				GCC_WARN_UNINITIALIZED_AUTOS = YES_AGGRESSIVE;
				GCC_WARN_UNUSED_FUNCTION = YES;
				GCC_WARN_UNUSED_VARIABLE = YES;
				IPHONEOS_DEPLOYMENT_TARGET = 13.4;
				MTL_ENABLE_DEBUG_INFO = INCLUDE_SOURCE;
				MTL_FAST_MATH = YES;
				ONLY_ACTIVE_ARCH = YES;
				SDKROOT = iphoneos;
				SWIFT_ACTIVE_COMPILATION_CONDITIONS = DEBUG;
				SWIFT_OPTIMIZATION_LEVEL = "-Onone";
			};
			name = Debug;
		};
		1454BAE6249AAF450091E837 /* Release */ = {
			isa = XCBuildConfiguration;
			buildSettings = {
				ALWAYS_SEARCH_USER_PATHS = NO;
				CLANG_ANALYZER_NONNULL = YES;
				CLANG_ANALYZER_NUMBER_OBJECT_CONVERSION = YES_AGGRESSIVE;
				CLANG_CXX_LANGUAGE_STANDARD = "gnu++14";
				CLANG_CXX_LIBRARY = "libc++";
				CLANG_ENABLE_MODULES = YES;
				CLANG_ENABLE_OBJC_ARC = YES;
				CLANG_ENABLE_OBJC_WEAK = YES;
				CLANG_WARN_BLOCK_CAPTURE_AUTORELEASING = YES;
				CLANG_WARN_BOOL_CONVERSION = YES;
				CLANG_WARN_COMMA = YES;
				CLANG_WARN_CONSTANT_CONVERSION = YES;
				CLANG_WARN_DEPRECATED_OBJC_IMPLEMENTATIONS = YES;
				CLANG_WARN_DIRECT_OBJC_ISA_USAGE = YES_ERROR;
				CLANG_WARN_DOCUMENTATION_COMMENTS = YES;
				CLANG_WARN_EMPTY_BODY = YES;
				CLANG_WARN_ENUM_CONVERSION = YES;
				CLANG_WARN_INFINITE_RECURSION = YES;
				CLANG_WARN_INT_CONVERSION = YES;
				CLANG_WARN_NON_LITERAL_NULL_CONVERSION = YES;
				CLANG_WARN_OBJC_IMPLICIT_RETAIN_SELF = YES;
				CLANG_WARN_OBJC_LITERAL_CONVERSION = YES;
				CLANG_WARN_OBJC_ROOT_CLASS = YES_ERROR;
				CLANG_WARN_RANGE_LOOP_ANALYSIS = YES;
				CLANG_WARN_STRICT_PROTOTYPES = YES;
				CLANG_WARN_SUSPICIOUS_MOVE = YES;
				CLANG_WARN_UNGUARDED_AVAILABILITY = YES_AGGRESSIVE;
				CLANG_WARN_UNREACHABLE_CODE = YES;
				CLANG_WARN__DUPLICATE_METHOD_MATCH = YES;
				COPY_PHASE_STRIP = NO;
				DEBUG_INFORMATION_FORMAT = "dwarf-with-dsym";
				ENABLE_NS_ASSERTIONS = NO;
				ENABLE_STRICT_OBJC_MSGSEND = YES;
				GCC_C_LANGUAGE_STANDARD = gnu11;
				GCC_NO_COMMON_BLOCKS = YES;
				GCC_WARN_64_TO_32_BIT_CONVERSION = YES;
				GCC_WARN_ABOUT_RETURN_TYPE = YES_ERROR;
				GCC_WARN_UNDECLARED_SELECTOR = YES;
				GCC_WARN_UNINITIALIZED_AUTOS = YES_AGGRESSIVE;
				GCC_WARN_UNUSED_FUNCTION = YES;
				GCC_WARN_UNUSED_VARIABLE = YES;
				IPHONEOS_DEPLOYMENT_TARGET = 13.4;
				MTL_ENABLE_DEBUG_INFO = NO;
				MTL_FAST_MATH = YES;
				SDKROOT = iphoneos;
				SWIFT_COMPILATION_MODE = wholemodule;
				SWIFT_OPTIMIZATION_LEVEL = "-O";
				VALIDATE_PRODUCT = YES;
			};
			name = Release;
		};
		1454BAE8249AAF450091E837 /* Debug */ = {
			isa = XCBuildConfiguration;
			baseConfigurationReference = 2AB678C2694DC4512DFD9D4D /* Pods-SwiftUI-WebService.debug.xcconfig */;
			buildSettings = {
				ASSETCATALOG_COMPILER_APPICON_NAME = AppIcon;
				CODE_SIGN_STYLE = Automatic;
				DEVELOPMENT_ASSET_PATHS = "\"SwiftUI-WebService/Preview Content\"";
				DEVELOPMENT_TEAM = T66S44XPZ4;
				ENABLE_PREVIEWS = YES;
				INFOPLIST_FILE = "SwiftUI-WebService/Info.plist";
				LD_RUNPATH_SEARCH_PATHS = (
					"$(inherited)",
					"@executable_path/Frameworks",
				);
				PRODUCT_BUNDLE_IDENTIFIER = "com.cmlcrn17.SwiftUI-WebService";
				PRODUCT_NAME = "$(TARGET_NAME)";
				SWIFT_VERSION = 5.0;
				TARGETED_DEVICE_FAMILY = "1,2";
			};
			name = Debug;
		};
		1454BAE9249AAF450091E837 /* Release */ = {
			isa = XCBuildConfiguration;
			baseConfigurationReference = 0EB11F3872501525A1DCE535 /* Pods-SwiftUI-WebService.release.xcconfig */;
			buildSettings = {
				ASSETCATALOG_COMPILER_APPICON_NAME = AppIcon;
				CODE_SIGN_STYLE = Automatic;
				DEVELOPMENT_ASSET_PATHS = "\"SwiftUI-WebService/Preview Content\"";
				DEVELOPMENT_TEAM = T66S44XPZ4;
				ENABLE_PREVIEWS = YES;
				INFOPLIST_FILE = "SwiftUI-WebService/Info.plist";
				LD_RUNPATH_SEARCH_PATHS = (
					"$(inherited)",
					"@executable_path/Frameworks",
				);
				PRODUCT_BUNDLE_IDENTIFIER = "com.cmlcrn17.SwiftUI-WebService";
				PRODUCT_NAME = "$(TARGET_NAME)";
				SWIFT_VERSION = 5.0;
				TARGETED_DEVICE_FAMILY = "1,2";
			};
			name = Release;
		};
/* End XCBuildConfiguration section */

/* Begin XCConfigurationList section */
		1454BACE249AAF420091E837 /* Build configuration list for PBXProject "SwiftUI-WebService" */ = {
			isa = XCConfigurationList;
			buildConfigurations = (
				1454BAE5249AAF450091E837 /* Debug */,
				1454BAE6249AAF450091E837 /* Release */,
			);
			defaultConfigurationIsVisible = 0;
			defaultConfigurationName = Release;
		};
		1454BAE7249AAF450091E837 /* Build configuration list for PBXNativeTarget "SwiftUI-WebService" */ = {
			isa = XCConfigurationList;
			buildConfigurations = (
				1454BAE8249AAF450091E837 /* Debug */,
				1454BAE9249AAF450091E837 /* Release */,
			);
			defaultConfigurationIsVisible = 0;
			defaultConfigurationName = Release;
		};
/* End XCConfigurationList section */
	};
	rootObject = 1454BACB249AAF420091E837 /* Project object */;
}
